
Microsoft Visual Studio Solution File, Format Version 12.00
# Visual Studio Version 16
VisualStudioVersion = 16.0.29806.167
MinimumVisualStudioVersion = 10.0.40219.1
Project("{9A19103F-16F7-4668-BE54-9A1E7A4F7556}") = "AWJ.EmailProviders", "AWJ.EmailProviders\AWJ.EmailProviders.csproj", "{D9E4B792-3650-4BE6-B21F-A5DDCEE7FEB4}"
EndProject
Project("{FAE04EC0-301F-11D3-BF4B-00C04F79EFBC}") = "EmailProviders.Tests", "EmailProviders.Tests\EmailProviders.Tests.csproj", "{8397AE43-4500-4CF1-A401-7A27C74908A2}"
EndProject
Global
	GlobalSection(SolutionConfigurationPlatforms) = preSolution
		Debug|Any CPU = Debug|Any CPU
		Release|Any CPU = Release|Any CPU
	EndGlobalSection
	GlobalSection(ProjectConfigurationPlatforms) = postSolution
		{D9E4B792-3650-4BE6-B21F-A5DDCEE7FEB4}.Debug|Any CPU.ActiveCfg = Debug|Any CPU
		{D9E4B792-3650-4BE6-B21F-A5DDCEE7FEB4}.Debug|Any CPU.Build.0 = Debug|Any CPU
		{D9E4B792-3650-4BE6-B21F-A5DDCEE7FEB4}.Release|Any CPU.ActiveCfg = Release|Any CPU
		{D9E4B792-3650-4BE6-B21F-A5DDCEE7FEB4}.Release|Any CPU.Build.0 = Release|Any CPU
		{8397AE43-4500-4CF1-A401-7A27C74908A2}.Debug|Any CPU.ActiveCfg = Debug|Any CPU
		{8397AE43-4500-4CF1-A401-7A27C74908A2}.Debug|Any CPU.Build.0 = Debug|Any CPU
		{8397AE43-4500-4CF1-A401-7A27C74908A2}.Release|Any CPU.ActiveCfg = Release|Any CPU
		{8397AE43-4500-4CF1-A401-7A27C74908A2}.Release|Any CPU.Build.0 = Release|Any CPU
	EndGlobalSection
	GlobalSection(SolutionProperties) = preSolution
		HideSolutionNode = FALSE
	EndGlobalSection
	GlobalSection(ExtensibilityGlobals) = postSolution
		SolutionGuid = {598DA3AE-1607-43EA-9962-6EDBE10F479B}
	EndGlobalSection
EndGlobal
